
Microsoft Visual Studio Solution File, Format Version 12.00
# Visual Studio Version 16
VisualStudioVersion = 16.0.30717.126
MinimumVisualStudioVersion = 10.0.40219.1
Project("{FAE04EC0-301F-11D3-BF4B-00C04F79EFBC}") = "Tomi_szalloda_2020.12.08", "Tomi_szalloda_2020.12.08\Tomi_szalloda_2020.12.08.csproj", "{9475D30A-3B42-40C2-9CC4-CF9B6B20694D}"
EndProject
Global
	GlobalSection(SolutionConfigurationPlatforms) = preSolution
		Debug|Any CPU = Debug|Any CPU
		Release|Any CPU = Release|Any CPU
	EndGlobalSection
	GlobalSection(ProjectConfigurationPlatforms) = postSolution
		{9475D30A-3B42-40C2-9CC4-CF9B6B20694D}.Debug|Any CPU.ActiveCfg = Debug|Any CPU
		{9475D30A-3B42-40C2-9CC4-CF9B6B20694D}.Debug|Any CPU.Build.0 = Debug|Any CPU
		{9475D30A-3B42-40C2-9CC4-CF9B6B20694D}.Release|Any CPU.ActiveCfg = Release|Any CPU
		{9475D30A-3B42-40C2-9CC4-CF9B6B20694D}.Release|Any CPU.Build.0 = Release|Any CPU
	EndGlobalSection
	GlobalSection(SolutionProperties) = preSolution
		HideSolutionNode = FALSE
	EndGlobalSection
	GlobalSection(ExtensibilityGlobals) = postSolution
		SolutionGuid = {EBA64C00-7023-4DDD-880A-29A122F84DAA}
	EndGlobalSection
EndGlobal
